
Microsoft Visual Studio Solution File, Format Version 12.00
# Visual Studio Version 16
VisualStudioVersion = 16.0.36602.28
MinimumVisualStudioVersion = 10.0.40219.1
Project("{FAE04EC0-301F-11D3-BF4B-00C04F79EFBC}") = "JobHuntersSystem", "JobHuntersSystem\JobHuntersSystem.csproj", "{AAB73736-725E-4825-A224-130A2B2F8EDC}"
EndProject
Project("{FAE04EC0-301F-11D3-BF4B-00C04F79EFBC}") = "SecureCoreInheritedControl", "Secure_Core_Inherited_Control\SecureCoreInheritedControl.csproj", "{03D30974-503E-4351-8F6B-6678ABC18454}"
EndProject
Project("{FAE04EC0-301F-11D3-BF4B-00C04F79EFBC}") = "SWUserControls", "SWLauchForm\SWUserControls.csproj", "{3D4AAD84-4203-4ACD-9C84-4021BAE48781}"
EndProject
Project("{FAE04EC0-301F-11D3-BF4B-00C04F79EFBC}") = "ComponentesDeAcceso", "ComponentesDeAcceso\ComponentesDeAcceso.csproj", "{6D09F3BE-9853-4B5B-9234-6D9120321A2F}"
EndProject
Project("{FAE04EC0-301F-11D3-BF4B-00C04F79EFBC}") = "HashUtils", "HashUtils\HashUtils.csproj", "{967322C0-3201-4556-9A3F-717E54D72FFD}"
EndProject
Project("{FAE04EC0-301F-11D3-BF4B-00C04F79EFBC}") = "SpeechUnit", "SpeechUnit\SpeechUnit.csproj", "{29A9CF3B-6E0F-4210-B00A-8A6138E4E3CA}"
EndProject
Global
	GlobalSection(SolutionConfigurationPlatforms) = preSolution
		Debug|Any CPU = Debug|Any CPU
		Release|Any CPU = Release|Any CPU
	EndGlobalSection
	GlobalSection(ProjectConfigurationPlatforms) = postSolution
		{AAB73736-725E-4825-A224-130A2B2F8EDC}.Debug|Any CPU.ActiveCfg = Debug|Any CPU
		{AAB73736-725E-4825-A224-130A2B2F8EDC}.Debug|Any CPU.Build.0 = Debug|Any CPU
		{AAB73736-725E-4825-A224-130A2B2F8EDC}.Release|Any CPU.ActiveCfg = Release|Any CPU
		{AAB73736-725E-4825-A224-130A2B2F8EDC}.Release|Any CPU.Build.0 = Release|Any CPU
		{03D30974-503E-4351-8F6B-6678ABC18454}.Debug|Any CPU.ActiveCfg = Debug|Any CPU
		{03D30974-503E-4351-8F6B-6678ABC18454}.Debug|Any CPU.Build.0 = Debug|Any CPU
		{03D30974-503E-4351-8F6B-6678ABC18454}.Release|Any CPU.ActiveCfg = Release|Any CPU
		{03D30974-503E-4351-8F6B-6678ABC18454}.Release|Any CPU.Build.0 = Release|Any CPU
		{3D4AAD84-4203-4ACD-9C84-4021BAE48781}.Debug|Any CPU.ActiveCfg = Debug|Any CPU
		{3D4AAD84-4203-4ACD-9C84-4021BAE48781}.Debug|Any CPU.Build.0 = Debug|Any CPU
		{3D4AAD84-4203-4ACD-9C84-4021BAE48781}.Release|Any CPU.ActiveCfg = Release|Any CPU
		{3D4AAD84-4203-4ACD-9C84-4021BAE48781}.Release|Any CPU.Build.0 = Release|Any CPU
		{6D09F3BE-9853-4B5B-9234-6D9120321A2F}.Debug|Any CPU.ActiveCfg = Debug|Any CPU
		{6D09F3BE-9853-4B5B-9234-6D9120321A2F}.Debug|Any CPU.Build.0 = Debug|Any CPU
		{6D09F3BE-9853-4B5B-9234-6D9120321A2F}.Release|Any CPU.ActiveCfg = Release|Any CPU
		{6D09F3BE-9853-4B5B-9234-6D9120321A2F}.Release|Any CPU.Build.0 = Release|Any CPU
		{967322C0-3201-4556-9A3F-717E54D72FFD}.Debug|Any CPU.ActiveCfg = Debug|Any CPU
		{967322C0-3201-4556-9A3F-717E54D72FFD}.Debug|Any CPU.Build.0 = Debug|Any CPU
		{967322C0-3201-4556-9A3F-717E54D72FFD}.Release|Any CPU.ActiveCfg = Release|Any CPU
		{967322C0-3201-4556-9A3F-717E54D72FFD}.Release|Any CPU.Build.0 = Release|Any CPU
		{29A9CF3B-6E0F-4210-B00A-8A6138E4E3CA}.Debug|Any CPU.ActiveCfg = Debug|Any CPU
		{29A9CF3B-6E0F-4210-B00A-8A6138E4E3CA}.Debug|Any CPU.Build.0 = Debug|Any CPU
		{29A9CF3B-6E0F-4210-B00A-8A6138E4E3CA}.Release|Any CPU.ActiveCfg = Release|Any CPU
		{29A9CF3B-6E0F-4210-B00A-8A6138E4E3CA}.Release|Any CPU.Build.0 = Release|Any CPU
	EndGlobalSection
	GlobalSection(SolutionProperties) = preSolution
		HideSolutionNode = FALSE
	EndGlobalSection
	GlobalSection(ExtensibilityGlobals) = postSolution
		SolutionGuid = {D68C8B06-80B8-4148-9E8B-82DBB389AAE4}
	EndGlobalSection
EndGlobal
