
Microsoft Visual Studio Solution File, Format Version 12.00
# Visual Studio Version 16
VisualStudioVersion = 16.0.36602.28
MinimumVisualStudioVersion = 10.0.40219.1
Project("{FAE04EC0-301F-11D3-BF4B-00C04F79EFBC}") = "JobHuntersSystem", "JobHuntersSystem\JobHuntersSystem.csproj", "{AAB73736-725E-4825-A224-130A2B2F8EDC}"
EndProject
Project("{FAE04EC0-301F-11D3-BF4B-00C04F79EFBC}") = "SWInheritedControl", "Secure_Core_Inherited_Control\SWInheritedControl.csproj", "{03D30974-503E-4351-8F6B-6678ABC18454}"
EndProject
Project("{FAE04EC0-301F-11D3-BF4B-00C04F79EFBC}") = "SWUserControls", "SWLauchForm\SWUserControls.csproj", "{3D4AAD84-4203-4ACD-9C84-4021BAE48781}"
EndProject
Project("{FAE04EC0-301F-11D3-BF4B-00C04F79EFBC}") = "ComponentesDeAcceso", "ComponentesDeAcceso\ComponentesDeAcceso.csproj", "{6D09F3BE-9853-4B5B-9234-6D9120321A2F}"
EndProject
Project("{FAE04EC0-301F-11D3-BF4B-00C04F79EFBC}") = "HashUtils", "HashUtils\HashUtils.csproj", "{967322C0-3201-4556-9A3F-717E54D72FFD}"
EndProject
Project("{FAE04EC0-301F-11D3-BF4B-00C04F79EFBC}") = "IdentityUser", "IdentityUser\IdentityUser.csproj", "{5FEAC1C2-3D16-403E-8122-EF276D07026E}"
EndProject
Project("{FAE04EC0-301F-11D3-BF4B-00C04F79EFBC}") = "ManagementForms", "ManagementForms\ManagementForms.csproj", "{A34868A2-7230-486B-BE37-B66D5CB50AAF}"
EndProject
Project("{FAE04EC0-301F-11D3-BF4B-00C04F79EFBC}") = "MenuOption", "MenuOption\MenuOption.csproj", "{55BFC198-63F0-4D06-9510-FE6FCA4DA9E3}"
EndProject
Project("{FAE04EC0-301F-11D3-BF4B-00C04F79EFBC}") = "Users", "Users\Users.csproj", "{A042C088-63EB-4D6F-ABA0-D10A6CD53443}"
EndProject
Project("{FAE04EC0-301F-11D3-BF4B-00C04F79EFBC}") = "UserRanks", "UserRanks\UserRanks.csproj", "{E4DF5167-D2D9-4D00-B58F-3C9ED69595F7}"
EndProject
Project("{FAE04EC0-301F-11D3-BF4B-00C04F79EFBC}") = "UserCategories", "UserCategories\UserCategories.csproj", "{5D00A558-76A2-416A-86A0-A1DD9CE35773}"
EndProject
Global
	GlobalSection(SolutionConfigurationPlatforms) = preSolution
		Debug|Any CPU = Debug|Any CPU
		Release|Any CPU = Release|Any CPU
	EndGlobalSection
	GlobalSection(ProjectConfigurationPlatforms) = postSolution
		{AAB73736-725E-4825-A224-130A2B2F8EDC}.Debug|Any CPU.ActiveCfg = Debug|Any CPU
		{AAB73736-725E-4825-A224-130A2B2F8EDC}.Debug|Any CPU.Build.0 = Debug|Any CPU
		{AAB73736-725E-4825-A224-130A2B2F8EDC}.Release|Any CPU.ActiveCfg = Release|Any CPU
		{AAB73736-725E-4825-A224-130A2B2F8EDC}.Release|Any CPU.Build.0 = Release|Any CPU
		{03D30974-503E-4351-8F6B-6678ABC18454}.Debug|Any CPU.ActiveCfg = Debug|Any CPU
		{03D30974-503E-4351-8F6B-6678ABC18454}.Debug|Any CPU.Build.0 = Debug|Any CPU
		{03D30974-503E-4351-8F6B-6678ABC18454}.Release|Any CPU.ActiveCfg = Release|Any CPU
		{03D30974-503E-4351-8F6B-6678ABC18454}.Release|Any CPU.Build.0 = Release|Any CPU
		{3D4AAD84-4203-4ACD-9C84-4021BAE48781}.Debug|Any CPU.ActiveCfg = Debug|Any CPU
		{3D4AAD84-4203-4ACD-9C84-4021BAE48781}.Debug|Any CPU.Build.0 = Debug|Any CPU
		{3D4AAD84-4203-4ACD-9C84-4021BAE48781}.Release|Any CPU.ActiveCfg = Release|Any CPU
		{3D4AAD84-4203-4ACD-9C84-4021BAE48781}.Release|Any CPU.Build.0 = Release|Any CPU
		{6D09F3BE-9853-4B5B-9234-6D9120321A2F}.Debug|Any CPU.ActiveCfg = Debug|Any CPU
		{6D09F3BE-9853-4B5B-9234-6D9120321A2F}.Debug|Any CPU.Build.0 = Debug|Any CPU
		{6D09F3BE-9853-4B5B-9234-6D9120321A2F}.Release|Any CPU.ActiveCfg = Release|Any CPU
		{6D09F3BE-9853-4B5B-9234-6D9120321A2F}.Release|Any CPU.Build.0 = Release|Any CPU
		{967322C0-3201-4556-9A3F-717E54D72FFD}.Debug|Any CPU.ActiveCfg = Debug|Any CPU
		{967322C0-3201-4556-9A3F-717E54D72FFD}.Debug|Any CPU.Build.0 = Debug|Any CPU
		{967322C0-3201-4556-9A3F-717E54D72FFD}.Release|Any CPU.ActiveCfg = Release|Any CPU
		{967322C0-3201-4556-9A3F-717E54D72FFD}.Release|Any CPU.Build.0 = Release|Any CPU
		{5FEAC1C2-3D16-403E-8122-EF276D07026E}.Debug|Any CPU.ActiveCfg = Debug|Any CPU
		{5FEAC1C2-3D16-403E-8122-EF276D07026E}.Debug|Any CPU.Build.0 = Debug|Any CPU
		{5FEAC1C2-3D16-403E-8122-EF276D07026E}.Release|Any CPU.ActiveCfg = Release|Any CPU
		{5FEAC1C2-3D16-403E-8122-EF276D07026E}.Release|Any CPU.Build.0 = Release|Any CPU
		{A34868A2-7230-486B-BE37-B66D5CB50AAF}.Debug|Any CPU.ActiveCfg = Debug|Any CPU
		{A34868A2-7230-486B-BE37-B66D5CB50AAF}.Debug|Any CPU.Build.0 = Debug|Any CPU
		{A34868A2-7230-486B-BE37-B66D5CB50AAF}.Release|Any CPU.ActiveCfg = Release|Any CPU
		{A34868A2-7230-486B-BE37-B66D5CB50AAF}.Release|Any CPU.Build.0 = Release|Any CPU
		{55BFC198-63F0-4D06-9510-FE6FCA4DA9E3}.Debug|Any CPU.ActiveCfg = Debug|Any CPU
		{55BFC198-63F0-4D06-9510-FE6FCA4DA9E3}.Debug|Any CPU.Build.0 = Debug|Any CPU
		{55BFC198-63F0-4D06-9510-FE6FCA4DA9E3}.Release|Any CPU.ActiveCfg = Release|Any CPU
		{55BFC198-63F0-4D06-9510-FE6FCA4DA9E3}.Release|Any CPU.Build.0 = Release|Any CPU
		{A042C088-63EB-4D6F-ABA0-D10A6CD53443}.Debug|Any CPU.ActiveCfg = Debug|Any CPU
		{A042C088-63EB-4D6F-ABA0-D10A6CD53443}.Debug|Any CPU.Build.0 = Debug|Any CPU
		{A042C088-63EB-4D6F-ABA0-D10A6CD53443}.Release|Any CPU.ActiveCfg = Release|Any CPU
		{A042C088-63EB-4D6F-ABA0-D10A6CD53443}.Release|Any CPU.Build.0 = Release|Any CPU
		{E4DF5167-D2D9-4D00-B58F-3C9ED69595F7}.Debug|Any CPU.ActiveCfg = Debug|Any CPU
		{E4DF5167-D2D9-4D00-B58F-3C9ED69595F7}.Debug|Any CPU.Build.0 = Debug|Any CPU
		{E4DF5167-D2D9-4D00-B58F-3C9ED69595F7}.Release|Any CPU.ActiveCfg = Release|Any CPU
		{E4DF5167-D2D9-4D00-B58F-3C9ED69595F7}.Release|Any CPU.Build.0 = Release|Any CPU
		{5D00A558-76A2-416A-86A0-A1DD9CE35773}.Debug|Any CPU.ActiveCfg = Debug|Any CPU
		{5D00A558-76A2-416A-86A0-A1DD9CE35773}.Debug|Any CPU.Build.0 = Debug|Any CPU
		{5D00A558-76A2-416A-86A0-A1DD9CE35773}.Release|Any CPU.ActiveCfg = Release|Any CPU
		{5D00A558-76A2-416A-86A0-A1DD9CE35773}.Release|Any CPU.Build.0 = Release|Any CPU
	EndGlobalSection
	GlobalSection(SolutionProperties) = preSolution
		HideSolutionNode = FALSE
	EndGlobalSection
	GlobalSection(ExtensibilityGlobals) = postSolution
		SolutionGuid = {D68C8B06-80B8-4148-9E8B-82DBB389AAE4}
	EndGlobalSection
EndGlobal
